
Microsoft Visual Studio Solution File, Format Version 12.00
# Visual Studio Version 16
VisualStudioVersion = 16.0.29009.5
MinimumVisualStudioVersion = 10.0.40219.1
Project("{FAE04EC0-301F-11D3-BF4B-00C04F79EFBC}") = "GameOfLifeUI", "GameOfLifeUI.csproj", "{733DCED5-F2C4-410F-ADD1-568CB85F32B6}"
EndProject
Global
	GlobalSection(SolutionConfigurationPlatforms) = preSolution
		Debug|Any CPU = Debug|Any CPU
		Release|Any CPU = Release|Any CPU
	EndGlobalSection
	GlobalSection(ProjectConfigurationPlatforms) = postSolution
		{733DCED5-F2C4-410F-ADD1-568CB85F32B6}.Debug|Any CPU.ActiveCfg = Debug|Any CPU
		{733DCED5-F2C4-410F-ADD1-568CB85F32B6}.Debug|Any CPU.Build.0 = Debug|Any CPU
		{733DCED5-F2C4-410F-ADD1-568CB85F32B6}.Release|Any CPU.ActiveCfg = Release|Any CPU
		{733DCED5-F2C4-410F-ADD1-568CB85F32B6}.Release|Any CPU.Build.0 = Release|Any CPU
	EndGlobalSection
	GlobalSection(SolutionProperties) = preSolution
		HideSolutionNode = FALSE
	EndGlobalSection
	GlobalSection(ExtensibilityGlobals) = postSolution
		SolutionGuid = {C4640FC9-770A-4B62-AB03-894E1BF67555}
	EndGlobalSection
EndGlobal
